
Microsoft Visual Studio Solution File, Format Version 12.00
# Visual Studio Version 16
VisualStudioVersion = 16.0.29230.47
MinimumVisualStudioVersion = 10.0.40219.1
Project("{FAE04EC0-301F-11D3-BF4B-00C04F79EFBC}") = "Laboratory work 1", "Laboratory work 1\Laboratory work 1.csproj", "{839BC452-394C-4321-B9AA-558D427C5C60}"
EndProject
Global
	GlobalSection(SolutionConfigurationPlatforms) = preSolution
		Debug|Any CPU = Debug|Any CPU
		Release|Any CPU = Release|Any CPU
	EndGlobalSection
	GlobalSection(ProjectConfigurationPlatforms) = postSolution
		{839BC452-394C-4321-B9AA-558D427C5C60}.Debug|Any CPU.ActiveCfg = Debug|Any CPU
		{839BC452-394C-4321-B9AA-558D427C5C60}.Debug|Any CPU.Build.0 = Debug|Any CPU
		{839BC452-394C-4321-B9AA-558D427C5C60}.Release|Any CPU.ActiveCfg = Release|Any CPU
		{839BC452-394C-4321-B9AA-558D427C5C60}.Release|Any CPU.Build.0 = Release|Any CPU
	EndGlobalSection
	GlobalSection(SolutionProperties) = preSolution
		HideSolutionNode = FALSE
	EndGlobalSection
	GlobalSection(ExtensibilityGlobals) = postSolution
		SolutionGuid = {DF09A293-124B-42C2-9E75-CD615375BAB4}
	EndGlobalSection
EndGlobal
